PODS:
  - A0Auth0 (2.17.2):
    - Auth0 (~> 2.3)
    - React-Core
  - appcenter-analytics (4.4.5):
    - AppCenter/Analytics (~> 4.0)
    - AppCenterReactNativeShared (~> 4.0)
    - React-Core
  - appcenter-core (4.4.5):
    - AppCenterReactNativeShared (~> 4.0)
    - React-Core
  - appcenter-crashes (4.4.5):
    - AppCenter/Crashes (~> 4.0)
    - AppCenterReactNativeShared (~> 4.0)
    - React-Core
  - AppCenter/Analytics (4.4.3):
    - AppCenter/Core
  - AppCenter/Core (4.4.3)
  - AppCenter/Crashes (4.4.3):
    - AppCenter/Core
  - AppCenterReactNativeShared (4.4.5):
    - AppCenter/Core (= 4.4.3)
  - Auth0 (2.3.2):
    - JWTDecode (~> 3.0)
    - SimpleKeychain (~> 1.0)
  - Base64 (1.1.2)
  - boost (1.76.0)
  - CodePush (8.0.1):
    - Base64 (~> 1.1)
    - JWT (~> 3.0.0-beta.12)
    - React-Core
    - SSZipArchive (~> 2.2.2)
  - DoubleConversion (1.1.6)
  - FBLazyVector (0.71.8)
  - FBReactNativeSpec (0.71.8):
    - RCT-Folly (= 2021.07.22.00)
    - RCTRequired (= 0.71.8)
    - RCTTypeSafety (= 0.71.8)
    - React-Core (= 0.71.8)
    - React-jsi (= 0.71.8)
    - ReactCommon/turbomodule/core (= 0.71.8)
  - Firebase/CoreOnly (8.8.0):
    - FirebaseCore (= 8.8.0)
  - Firebase/Messaging (8.8.0):
    - Firebase/CoreOnly
    - FirebaseMessaging (~> 8.8.0)
  - FirebaseCore (8.8.0):
    - FirebaseCoreDiagnostics (~> 8.0)
    - GoogleUtilities/Environment (~> 7.4)
    - GoogleUtilities/Logger (~> 7.4)
  - FirebaseCoreDiagnostics (8.15.0):
    - GoogleDataTransport (~> 9.1)
    - GoogleUtilities/Environment (~> 7.7)
    - GoogleUtilities/Logger (~> 7.7)
    - nanopb (~> 2.30908.0)
  - FirebaseInstallations (8.15.0):
    - FirebaseCore (~> 8.0)
    - GoogleUtilities/Environment (~> 7.7)
    - GoogleUtilities/UserDefaults (~> 7.7)
    - PromisesObjC (< 3.0, >= 1.2)
  - FirebaseMessaging (8.8.0):
    - FirebaseCore (~> 8.0)
    - FirebaseInstallations (~> 8.0)
    - GoogleDataTransport (~> 9.0)
    - GoogleUtilities/AppDelegateSwizzler (~> 7.4)
    - GoogleUtilities/Environment (~> 7.4)
    - GoogleUtilities/Reachability (~> 7.4)
    - GoogleUtilities/UserDefaults (~> 7.4)
    - nanopb (~> 2.30908.0)
  - fmt (6.2.1)
  - glog (0.3.5)
  - GoogleDataTransport (9.2.3):
    - GoogleUtilities/Environment (~> 7.7)
    - nanopb (< 2.30910.0, >= 2.30908.0)
    - PromisesObjC (< 3.0, >= 1.2)
  - GoogleUtilities/AppDelegateSwizzler (7.11.1):
    - GoogleUtilities/Environment
    - GoogleUtilities/Logger
    - GoogleUtilities/Network
  - GoogleUtilities/Environment (7.11.1):
    - PromisesObjC (< 3.0, >= 1.2)
  - GoogleUtilities/Logger (7.11.1):
    - GoogleUtilities/Environment
  - GoogleUtilities/Network (7.11.1):
    - GoogleUtilities/Logger
    - "GoogleUtilities/NSData+zlib"
    - GoogleUtilities/Reachability
  - "GoogleUtilities/NSData+zlib (7.11.1)"
  - GoogleUtilities/Reachability (7.11.1):
    - GoogleUtilities/Logger
  - GoogleUtilities/UserDefaults (7.11.1):
    - GoogleUtilities/Logger
  - JWT (3.0.0-beta.14):
    - Base64 (~> 1.1.2)
  - JWTDecode (3.0.1)
  - nanopb (2.30908.0):
    - nanopb/decode (= 2.30908.0)
    - nanopb/encode (= 2.30908.0)
  - nanopb/decode (2.30908.0)
  - nanopb/encode (2.30908.0)
  - PromisesObjC (2.2.0)
  - RCT-Folly (2021.07.22.00):
    - boost
    - DoubleConversion
    - fmt (~> 6.2.1)
    - glog
    - RCT-Folly/Default (= 2021.07.22.00)
  - RCT-Folly/Default (2021.07.22.00):
    - boost
    - DoubleConversion
    - fmt (~> 6.2.1)
    - glog
  - RCTRequired (0.71.8)
  - RCTTypeSafety (0.71.8):
    - FBLazyVector (= 0.71.8)
    - RCTRequired (= 0.71.8)
    - React-Core (= 0.71.8)
  - React (0.71.8):
    - React-Core (= 0.71.8)
    - React-Core/DevSupport (= 0.71.8)
    - React-Core/RCTWebSocket (= 0.71.8)
    - React-RCTActionSheet (= 0.71.8)
    - React-RCTAnimation (= 0.71.8)
    - React-RCTBlob (= 0.71.8)
    - React-RCTImage (= 0.71.8)
    - React-RCTLinking (= 0.71.8)
    - React-RCTNetwork (= 0.71.8)
    - React-RCTSettings (= 0.71.8)
    - React-RCTText (= 0.71.8)
    - React-RCTVibration (= 0.71.8)
  - React-callinvoker (0.71.8)
  - React-Codegen (0.71.8):
    - FBReactNativeSpec
    - RCT-Folly
    - RCTRequired
    - RCTTypeSafety
    - React-Core
    - React-jsc
    - React-jsi
    - React-jsiexecutor
    - ReactCommon/turbomodule/bridging
    - ReactCommon/turbomodule/core
  - React-Core (0.71.8):
    - glog
    - RCT-Folly (= 2021.07.22.00)
    - React-Core/Default (= 0.71.8)
    - React-cxxreact (= 0.71.8)
    - React-jsc
    - React-jsi (= 0.71.8)
    - React-jsiexecutor (= 0.71.8)
    - React-perflogger (= 0.71.8)
    - Yoga
  - React-Core/CoreModulesHeaders (0.71.8):
    - glog
    - RCT-Folly (= 2021.07.22.00)
    - React-Core/Default
    - React-cxxreact (= 0.71.8)
    - React-jsc
    - React-jsi (= 0.71.8)
    - React-jsiexecutor (= 0.71.8)
    - React-perflogger (= 0.71.8)
    - Yoga
  - React-Core/Default (0.71.8):
    - glog
    - RCT-Folly (= 2021.07.22.00)
    - React-cxxreact (= 0.71.8)
    - React-jsc
    - React-jsi (= 0.71.8)
    - React-jsiexecutor (= 0.71.8)
    - React-perflogger (= 0.71.8)
    - Yoga
  - React-Core/DevSupport (0.71.8):
    - glog
    - RCT-Folly (= 2021.07.22.00)
    - React-Core/Default (= 0.71.8)
    - React-Core/RCTWebSocket (= 0.71.8)
    - React-cxxreact (= 0.71.8)
    - React-jsc
    - React-jsi (= 0.71.8)
    - React-jsiexecutor (= 0.71.8)
    - React-jsinspector (= 0.71.8)
    - React-perflogger (= 0.71.8)
    - Yoga
  - React-Core/RCTActionSheetHeaders (0.71.8):
    - glog
    - RCT-Folly (= 2021.07.22.00)
    - React-Core/Default
    - React-cxxreact (= 0.71.8)
    - React-jsc
    - React-jsi (= 0.71.8)
    - React-jsiexecutor (= 0.71.8)
    - React-perflogger (= 0.71.8)
    - Yoga
  - React-Core/RCTAnimationHeaders (0.71.8):
    - glog
    - RCT-Folly (= 2021.07.22.00)
    - React-Core/Default
    - React-cxxreact (= 0.71.8)
    - React-jsc
    - React-jsi (= 0.71.8)
    - React-jsiexecutor (= 0.71.8)
    - React-perflogger (= 0.71.8)
    - Yoga
  - React-Core/RCTBlobHeaders (0.71.8):
    - glog
    - RCT-Folly (= 2021.07.22.00)
    - React-Core/Default
    - React-cxxreact (= 0.71.8)
    - React-jsc
    - React-jsi (= 0.71.8)
    - React-jsiexecutor (= 0.71.8)
    - React-perflogger (= 0.71.8)
    - Yoga
  - React-Core/RCTImageHeaders (0.71.8):
    - glog
    - RCT-Folly (= 2021.07.22.00)
    - React-Core/Default
    - React-cxxreact (= 0.71.8)
    - React-jsc
    - React-jsi (= 0.71.8)
    - React-jsiexecutor (= 0.71.8)
    - React-perflogger (= 0.71.8)
    - Yoga
  - React-Core/RCTLinkingHeaders (0.71.8):
    - glog
    - RCT-Folly (= 2021.07.22.00)
    - React-Core/Default
    - React-cxxreact (= 0.71.8)
    - React-jsc
    - React-jsi (= 0.71.8)
    - React-jsiexecutor (= 0.71.8)
    - React-perflogger (= 0.71.8)
    - Yoga
  - React-Core/RCTNetworkHeaders (0.71.8):
    - glog
    - RCT-Folly (= 2021.07.22.00)
    - React-Core/Default
    - React-cxxreact (= 0.71.8)
    - React-jsc
    - React-jsi (= 0.71.8)
    - React-jsiexecutor (= 0.71.8)
    - React-perflogger (= 0.71.8)
    - Yoga
  - React-Core/RCTSettingsHeaders (0.71.8):
    - glog
    - RCT-Folly (= 2021.07.22.00)
    - React-Core/Default
    - React-cxxreact (= 0.71.8)
    - React-jsc
    - React-jsi (= 0.71.8)
    - React-jsiexecutor (= 0.71.8)
    - React-perflogger (= 0.71.8)
    - Yoga
  - React-Core/RCTTextHeaders (0.71.8):
    - glog
    - RCT-Folly (= 2021.07.22.00)
    - React-Core/Default
    - React-cxxreact (= 0.71.8)
    - React-jsc
    - React-jsi (= 0.71.8)
    - React-jsiexecutor (= 0.71.8)
    - React-perflogger (= 0.71.8)
    - Yoga
  - React-Core/RCTVibrationHeaders (0.71.8):
    - glog
    - RCT-Folly (= 2021.07.22.00)
    - React-Core/Default
    - React-cxxreact (= 0.71.8)
    - React-jsc
    - React-jsi (= 0.71.8)
    - React-jsiexecutor (= 0.71.8)
    - React-perflogger (= 0.71.8)
    - Yoga
  - React-Core/RCTWebSocket (0.71.8):
    - glog
    - RCT-Folly (= 2021.07.22.00)
    - React-Core/Default (= 0.71.8)
    - React-cxxreact (= 0.71.8)
    - React-jsc
    - React-jsi (= 0.71.8)
    - React-jsiexecutor (= 0.71.8)
    - React-perflogger (= 0.71.8)
    - Yoga
  - React-CoreModules (0.71.8):
    - RCT-Folly (= 2021.07.22.00)
    - RCTTypeSafety (= 0.71.8)
    - React-Codegen (= 0.71.8)
    - React-Core/CoreModulesHeaders (= 0.71.8)
    - React-jsi (= 0.71.8)
    - React-RCTBlob
    - React-RCTImage (= 0.71.8)
    - ReactCommon/turbomodule/core (= 0.71.8)
  - React-cxxreact (0.71.8):
    - boost (= 1.76.0)
    - DoubleConversion
    - glog
    - RCT-Folly (= 2021.07.22.00)
    - React-callinvoker (= 0.71.8)
    - React-jsi (= 0.71.8)
    - React-jsinspector (= 0.71.8)
    - React-logger (= 0.71.8)
    - React-perflogger (= 0.71.8)
    - React-runtimeexecutor (= 0.71.8)
  - React-jsc (0.71.8):
    - React-jsc/Fabric (= 0.71.8)
    - React-jsi (= 0.71.8)
  - React-jsc/Fabric (0.71.8):
    - React-jsi (= 0.71.8)
  - React-jsi (0.71.8):
    - boost (= 1.76.0)
    - DoubleConversion
    - glog
    - RCT-Folly (= 2021.07.22.00)
  - React-jsiexecutor (0.71.8):
    - DoubleConversion
    - glog
    - RCT-Folly (= 2021.07.22.00)
    - React-cxxreact (= 0.71.8)
    - React-jsi (= 0.71.8)
    - React-perflogger (= 0.71.8)
  - React-jsinspector (0.71.8)
  - React-logger (0.71.8):
    - glog
  - react-native-photo-view-ex (1.1.0):
    - React
  - react-native-safe-area-context (3.4.1):
    - React-Core
  - React-perflogger (0.71.8)
  - React-RCTActionSheet (0.71.8):
    - React-Core/RCTActionSheetHeaders (= 0.71.8)
  - React-RCTAnimation (0.71.8):
    - RCT-Folly (= 2021.07.22.00)
    - RCTTypeSafety (= 0.71.8)
    - React-Codegen (= 0.71.8)
    - React-Core/RCTAnimationHeaders (= 0.71.8)
    - React-jsi (= 0.71.8)
    - ReactCommon/turbomodule/core (= 0.71.8)
  - React-RCTAppDelegate (0.71.8):
    - RCT-Folly
    - RCTRequired
    - RCTTypeSafety
    - React-Core
    - ReactCommon/turbomodule/core
  - React-RCTBlob (0.71.8):
    - RCT-Folly (= 2021.07.22.00)
    - React-Codegen (= 0.71.8)
    - React-Core/RCTBlobHeaders (= 0.71.8)
    - React-Core/RCTWebSocket (= 0.71.8)
    - React-jsi (= 0.71.8)
    - React-RCTNetwork (= 0.71.8)
    - ReactCommon/turbomodule/core (= 0.71.8)
  - React-RCTImage (0.71.8):
    - RCT-Folly (= 2021.07.22.00)
    - RCTTypeSafety (= 0.71.8)
    - React-Codegen (= 0.71.8)
    - React-Core/RCTImageHeaders (= 0.71.8)
    - React-jsi (= 0.71.8)
    - React-RCTNetwork (= 0.71.8)
    - ReactCommon/turbomodule/core (= 0.71.8)
  - React-RCTLinking (0.71.8):
    - React-Codegen (= 0.71.8)
    - React-Core/RCTLinkingHeaders (= 0.71.8)
    - React-jsi (= 0.71.8)
    - ReactCommon/turbomodule/core (= 0.71.8)
  - React-RCTNetwork (0.71.8):
    - RCT-Folly (= 2021.07.22.00)
    - RCTTypeSafety (= 0.71.8)
    - React-Codegen (= 0.71.8)
    - React-Core/RCTNetworkHeaders (= 0.71.8)
    - React-jsi (= 0.71.8)
    - ReactCommon/turbomodule/core (= 0.71.8)
  - React-RCTSettings (0.71.8):
    - RCT-Folly (= 2021.07.22.00)
    - RCTTypeSafety (= 0.71.8)
    - React-Codegen (= 0.71.8)
    - React-Core/RCTSettingsHeaders (= 0.71.8)
    - React-jsi (= 0.71.8)
    - ReactCommon/turbomodule/core (= 0.71.8)
  - React-RCTText (0.71.8):
    - React-Core/RCTTextHeaders (= 0.71.8)
  - React-RCTVibration (0.71.8):
    - RCT-Folly (= 2021.07.22.00)
    - React-Codegen (= 0.71.8)
    - React-Core/RCTVibrationHeaders (= 0.71.8)
    - React-jsi (= 0.71.8)
    - ReactCommon/turbomodule/core (= 0.71.8)
  - React-runtimeexecutor (0.71.8):
    - React-jsi (= 0.71.8)
  - ReactCommon/turbomodule/bridging (0.71.8):
    - DoubleConversion
    - glog
    - RCT-Folly (= 2021.07.22.00)
    - React-callinvoker (= 0.71.8)
    - React-Core (= 0.71.8)
    - React-cxxreact (= 0.71.8)
    - React-jsi (= 0.71.8)
    - React-logger (= 0.71.8)
    - React-perflogger (= 0.71.8)
  - ReactCommon/turbomodule/core (0.71.8):
    - DoubleConversion
    - glog
    - RCT-Folly (= 2021.07.22.00)
    - React-callinvoker (= 0.71.8)
    - React-Core (= 0.71.8)
    - React-cxxreact (= 0.71.8)
    - React-jsi (= 0.71.8)
    - React-logger (= 0.71.8)
    - React-perflogger (= 0.71.8)
  - RNCAsyncStorage (1.18.1):
    - React-Core
  - RNCMaskedView (0.1.11):
    - React
  - RNCPushNotificationIOS (1.11.0):
    - React-Core
  - RNFBApp (12.9.3):
    - Firebase/CoreOnly (= 8.8.0)
    - React-Core
  - RNFBMessaging (12.9.3):
    - Firebase/Messaging (= 8.8.0)
    - React-Core
    - RNFBApp
  - RNGestureHandler (1.10.3):
    - React-Core
  - RNScreens (3.20.0):
    - React-Core
    - React-RCTImage
  - RNVectorIcons (9.2.0):
    - React-Core
  - SimpleKeychain (1.0.1)
  - SSZipArchive (2.2.3)
  - Yoga (1.14.0)

DEPENDENCIES:
  - A0Auth0 (from `../node_modules/react-native-auth0`)
  - appcenter-analytics (from `../node_modules/appcenter-analytics`)
  - appcenter-core (from `../node_modules/appcenter`)
  - appcenter-crashes (from `../node_modules/appcenter-crashes`)
  - boost (from `../node_modules/react-native/third-party-podspecs/boost.podspec`)
  - CodePush (from `../node_modules/react-native-code-push`)
  - DoubleConversion (from `../node_modules/react-native/third-party-podspecs/DoubleConversion.podspec`)
  - FBLazyVector (from `../node_modules/react-native/Libraries/FBLazyVector`)
  - FBReactNativeSpec (from `../node_modules/react-native/React/FBReactNativeSpec`)
  - glog (from `../node_modules/react-native/third-party-podspecs/glog.podspec`)
  - RCT-Folly (from `../node_modules/react-native/third-party-podspecs/RCT-Folly.podspec`)
  - RCTRequired (from `../node_modules/react-native/Libraries/RCTRequired`)
  - RCTTypeSafety (from `../node_modules/react-native/Libraries/TypeSafety`)
  - React (from `../node_modules/react-native/`)
  - React-callinvoker (from `../node_modules/react-native/ReactCommon/callinvoker`)
  - React-Codegen (from `build/generated/ios`)
  - React-Core (from `../node_modules/react-native/`)
  - React-Core/RCTWebSocket (from `../node_modules/react-native/`)
  - React-CoreModules (from `../node_modules/react-native/React/CoreModules`)
  - React-cxxreact (from `../node_modules/react-native/ReactCommon/cxxreact`)
  - React-jsc (from `../node_modules/react-native/ReactCommon/jsc`)
  - React-jsi (from `../node_modules/react-native/ReactCommon/jsi`)
  - React-jsiexecutor (from `../node_modules/react-native/ReactCommon/jsiexecutor`)
  - React-jsinspector (from `../node_modules/react-native/ReactCommon/jsinspector`)
  - React-logger (from `../node_modules/react-native/ReactCommon/logger`)
  - react-native-photo-view-ex (from `../node_modules/react-native-photo-view-ex`)
  - react-native-safe-area-context (from `../node_modules/react-native-safe-area-context`)
  - React-perflogger (from `../node_modules/react-native/ReactCommon/reactperflogger`)
  - React-RCTActionSheet (from `../node_modules/react-native/Libraries/ActionSheetIOS`)
  - React-RCTAnimation (from `../node_modules/react-native/Libraries/NativeAnimation`)
  - React-RCTAppDelegate (from `../node_modules/react-native/Libraries/AppDelegate`)
  - React-RCTBlob (from `../node_modules/react-native/Libraries/Blob`)
  - React-RCTImage (from `../node_modules/react-native/Libraries/Image`)
  - React-RCTLinking (from `../node_modules/react-native/Libraries/LinkingIOS`)
  - React-RCTNetwork (from `../node_modules/react-native/Libraries/Network`)
  - React-RCTSettings (from `../node_modules/react-native/Libraries/Settings`)
  - React-RCTText (from `../node_modules/react-native/Libraries/Text`)
  - React-RCTVibration (from `../node_modules/react-native/Libraries/Vibration`)
  - React-runtimeexecutor (from `../node_modules/react-native/ReactCommon/runtimeexecutor`)
  - ReactCommon/turbomodule/core (from `../node_modules/react-native/ReactCommon`)
  - "RNCAsyncStorage (from `../node_modules/@react-native-async-storage/async-storage`)"
  - "RNCMaskedView (from `../node_modules/@react-native-community/masked-view`)"
  - "RNCPushNotificationIOS (from `../node_modules/@react-native-community/push-notification-ios`)"
  - "RNFBApp (from `../node_modules/@react-native-firebase/app`)"
  - "RNFBMessaging (from `../node_modules/@react-native-firebase/messaging`)"
  - RNGestureHandler (from `../node_modules/react-native-gesture-handler`)
  - RNScreens (from `../node_modules/react-native-screens`)
  - RNVectorIcons (from `../node_modules/react-native-vector-icons`)
  - Yoga (from `../node_modules/react-native/ReactCommon/yoga`)

SPEC REPOS:
  trunk:
    - AppCenter
    - AppCenterReactNativeShared
    - Auth0
    - Base64
    - Firebase
    - FirebaseCore
    - FirebaseCoreDiagnostics
    - FirebaseInstallations
    - FirebaseMessaging
    - fmt
    - GoogleDataTransport
    - GoogleUtilities
    - JWT
    - JWTDecode
    - nanopb
    - PromisesObjC
    - SimpleKeychain
    - SSZipArchive

EXTERNAL SOURCES:
  A0Auth0:
    :path: "../node_modules/react-native-auth0"
  appcenter-analytics:
    :path: "../node_modules/appcenter-analytics"
  appcenter-core:
    :path: "../node_modules/appcenter"
  appcenter-crashes:
    :path: "../node_modules/appcenter-crashes"
  boost:
    :podspec: "../node_modules/react-native/third-party-podspecs/boost.podspec"
  CodePush:
    :path: "../node_modules/react-native-code-push"
  DoubleConversion:
    :podspec: "../node_modules/react-native/third-party-podspecs/DoubleConversion.podspec"
  FBLazyVector:
    :path: "../node_modules/react-native/Libraries/FBLazyVector"
  FBReactNativeSpec:
    :path: "../node_modules/react-native/React/FBReactNativeSpec"
  glog:
    :podspec: "../node_modules/react-native/third-party-podspecs/glog.podspec"
  RCT-Folly:
    :podspec: "../node_modules/react-native/third-party-podspecs/RCT-Folly.podspec"
  RCTRequired:
    :path: "../node_modules/react-native/Libraries/RCTRequired"
  RCTTypeSafety:
    :path: "../node_modules/react-native/Libraries/TypeSafety"
  React:
    :path: "../node_modules/react-native/"
  React-callinvoker:
    :path: "../node_modules/react-native/ReactCommon/callinvoker"
  React-Codegen:
    :path: build/generated/ios
  React-Core:
    :path: "../node_modules/react-native/"
  React-CoreModules:
    :path: "../node_modules/react-native/React/CoreModules"
  React-cxxreact:
    :path: "../node_modules/react-native/ReactCommon/cxxreact"
  React-jsc:
    :path: "../node_modules/react-native/ReactCommon/jsc"
  React-jsi:
    :path: "../node_modules/react-native/ReactCommon/jsi"
  React-jsiexecutor:
    :path: "../node_modules/react-native/ReactCommon/jsiexecutor"
  React-jsinspector:
    :path: "../node_modules/react-native/ReactCommon/jsinspector"
  React-logger:
    :path: "../node_modules/react-native/ReactCommon/logger"
  react-native-photo-view-ex:
    :path: "../node_modules/react-native-photo-view-ex"
  react-native-safe-area-context:
    :path: "../node_modules/react-native-safe-area-context"
  React-perflogger:
    :path: "../node_modules/react-native/ReactCommon/reactperflogger"
  React-RCTActionSheet:
    :path: "../node_modules/react-native/Libraries/ActionSheetIOS"
  React-RCTAnimation:
    :path: "../node_modules/react-native/Libraries/NativeAnimation"
  React-RCTAppDelegate:
    :path: "../node_modules/react-native/Libraries/AppDelegate"
  React-RCTBlob:
    :path: "../node_modules/react-native/Libraries/Blob"
  React-RCTImage:
    :path: "../node_modules/react-native/Libraries/Image"
  React-RCTLinking:
    :path: "../node_modules/react-native/Libraries/LinkingIOS"
  React-RCTNetwork:
    :path: "../node_modules/react-native/Libraries/Network"
  React-RCTSettings:
    :path: "../node_modules/react-native/Libraries/Settings"
  React-RCTText:
    :path: "../node_modules/react-native/Libraries/Text"
  React-RCTVibration:
    :path: "../node_modules/react-native/Libraries/Vibration"
  React-runtimeexecutor:
    :path: "../node_modules/react-native/ReactCommon/runtimeexecutor"
  ReactCommon:
    :path: "../node_modules/react-native/ReactCommon"
  RNCAsyncStorage:
    :path: "../node_modules/@react-native-async-storage/async-storage"
  RNCMaskedView:
    :path: "../node_modules/@react-native-community/masked-view"
  RNCPushNotificationIOS:
    :path: "../node_modules/@react-native-community/push-notification-ios"
  RNFBApp:
    :path: "../node_modules/@react-native-firebase/app"
  RNFBMessaging:
    :path: "../node_modules/@react-native-firebase/messaging"
  RNGestureHandler:
    :path: "../node_modules/react-native-gesture-handler"
  RNScreens:
    :path: "../node_modules/react-native-screens"
  RNVectorIcons:
    :path: "../node_modules/react-native-vector-icons"
  Yoga:
    :path: "../node_modules/react-native/ReactCommon/yoga"

SPEC CHECKSUMS:
  A0Auth0: a8e9688791cd7429250ff2402fbd6ecfa71993f4
  AppCenter: 3fd04aa1b166e16fdb03ec81dabe488aece83fbd
  appcenter-analytics: 1aea9ada8922d2e2df3e069a28eda21157c9d30d
  appcenter-core: c593b2e4ac28d6a21b6a217c4a5e6b3de7b0b00f
  appcenter-crashes: d9ae1c9296974c1c433600fa2f320e0ba1f12bdf
  AppCenterReactNativeShared: f395caeabde0dc3a11609dbcb737d0f14cd40e79
  Auth0: 64da28fdc5cd499aa516dc4bfd0ace8efae2c1da
  Base64: cecfb41a004124895a7bcee567a89bae5a89d49b
  boost: 57d2868c099736d80fcd648bf211b4431e51a558
  CodePush: ff76ebc5c7c50fb198bae9caf0a3ad4f220fde88
  DoubleConversion: 5189b271737e1565bdce30deb4a08d647e3f5f54
  FBLazyVector: f637f31eacba90d4fdeff3fa41608b8f361c173b
  FBReactNativeSpec: 0d9a4f4de7ab614c49e98c00aedfd3bfbda33d59
  Firebase: 629510f1a9ddb235f3a7c5c8ceb23ba887f0f814
  FirebaseCore: 98b29e3828f0a53651c363937a7f7d92a19f1ba2
  FirebaseCoreDiagnostics: 92e07a649aeb66352b319d43bdd2ee3942af84cb
  FirebaseInstallations: 40bd9054049b2eae9a2c38ef1c3dd213df3605cd
  FirebaseMessaging: 419b5c9d84f294a753c6501d8cfb9ced1ce37304
  fmt: ff9d55029c625d3757ed641535fd4a75fedc7ce9
  glog: 04b94705f318337d7ead9e6d17c019bd9b1f6b1b
  GoogleDataTransport: f0308f5905a745f94fb91fea9c6cbaf3831cb1bd
  GoogleUtilities: 9aa0ad5a7bc171f8bae016300bfcfa3fb8425749
  JWT: ef71dfb03e1f842081e64dc42eef0e164f35d251
  JWTDecode: 2eed97c2fa46ccaf3049a787004eedf0be474a87
  nanopb: a0ba3315591a9ae0a16a309ee504766e90db0c96
  PromisesObjC: 09985d6d70fbe7878040aa746d78236e6946d2ef
  RCT-Folly: 424b8c9a7a0b9ab2886ffe9c3b041ef628fd4fb1
  RCTRequired: 8af6a32dfc2b65ec82193c2dee6e1011ff22ac2a
  RCTTypeSafety: bee9dd161c175896c680d47ef1d9eaacf2b587f4
  React: d850475db9ba8006a8b875d79e1e0d6ac8a0f8b6
  React-callinvoker: 6a0c75475ddc17c9ed54e4ff0478074a18fd7ab5
  React-Codegen: 26e2dc1e6c5f625dbd7c3d6be56c93c2da5a30b6
  React-Core: 1e838e49ad862ce54778654b0609983eaaad7cd6
  React-CoreModules: 958d236715415d4ccdd5fa35c516cf0356637393
  React-cxxreact: 92df23ee6120eecc2fdf5ce26c4e3a64ced3307e
  React-jsc: 8b399c43246460b7251ac479058ea9939692dd34
  React-jsi: 8aebc88463f27eeed55b5136919c7ce7a087c653
  React-jsiexecutor: 9101857bcffac8dae43d76a7bc0a39bda593c756
  React-jsinspector: c712f9e3bb9ba4122d6b82b4f906448b8a281580
  React-logger: 342f358b8decfbf8f272367f4eacf4b6154061be
  react-native-photo-view-ex: 201dddcbe44fe531b824eae5e1b99b1f494c0588
  react-native-safe-area-context: 9e40fb181dac02619414ba1294d6c2a807056ab9
  React-perflogger: d21f182895de9d1b077f8a3cd00011095c8c9100
  React-RCTActionSheet: 0151f83ef92d2a7139bba7dfdbc8066632a6d47b
  React-RCTAnimation: 5ec9c0705bb2297549c120fe6473aa3e4a01e215
  React-RCTAppDelegate: 6e5e88bfe52c56fa887130a7ed1663e929baadfc
  React-RCTBlob: 5d799e91fe570dbf618f2e4d80796fd66c088f42
  React-RCTImage: 3c12cb32dec49549ae62ed6cba4018db43841ffc
  React-RCTLinking: 310e930ee335ef25481b4a173d9edb64b77895f9
  React-RCTNetwork: b6837841fe88303b0c04c1e3c01992b30f1f5498
  React-RCTSettings: 600d91fe25fa7c16b0ff891304082440f2904b89
  React-RCTText: a0a19f749088280c6def5397ed6211b811e7eef3
  React-RCTVibration: 43ffd976a25f6057a7cf95ea3648ba4e00287f89
  React-runtimeexecutor: 7c51ae9d4b3e9608a2366e39ccaa606aa551b9ed
  ReactCommon: 739352444061f8625428e6ff0620c30362c3d9af
  RNCAsyncStorage: b90b71f45b8b97be43bc4284e71a6af48ac9f547
  RNCMaskedView: 0e1bc4bfa8365eba5fbbb71e07fbdc0555249489
  RNCPushNotificationIOS: 64218f3c776c03d7408284a819b2abfda1834bc8
  RNFBApp: 729c0666395b1953198dc4a1ec6deb8fbe1c302e
  RNFBMessaging: 8415ec196e5c1196caa26ec0742cdb48ed4d0f97
  RNGestureHandler: a479ebd5ed4221a810967000735517df0d2db211
  RNScreens: 218801c16a2782546d30bd2026bb625c0302d70f
  RNVectorIcons: fcc2f6cb32f5735b586e66d14103a74ce6ad61f8
  SimpleKeychain: 130211269f88f038d7dc5254cf0b1b9ce978c398
  SSZipArchive: 62d4947b08730e4cda640473b0066d209ff033c9
  Yoga: 065f0b74dba4832d6e328238de46eb72c5de9556

PODFILE CHECKSUM: 5ae1e24b0c3759e4d514984bdf64212d45ed965b

COCOAPODS: 1.12.1
